
Microsoft Visual Studio Solution File, Format Version 12.00
# Visual Studio 15
VisualStudioVersion = 15.0.27428.2005
MinimumVisualStudioVersion = 10.0.40219.1
Project("{FAE04EC0-301F-11D3-BF4B-00C04F79EFBC}") = "Project.Data", "Project.Data\Project.Data.csproj", "{3E20360B-BBB9-4A75-9BE6-AC8AB8F73C23}"
EndProject
Global
	GlobalSection(SolutionConfigurationPlatforms) = preSolution
		Debug|Any CPU = Debug|Any CPU
		Release|Any CPU = Release|Any CPU
	EndGlobalSection
	GlobalSection(ProjectConfigurationPlatforms) = postSolution
		{3E20360B-BBB9-4A75-9BE6-AC8AB8F73C23}.Debug|Any CPU.ActiveCfg = Debug|Any CPU
		{3E20360B-BBB9-4A75-9BE6-AC8AB8F73C23}.Debug|Any CPU.Build.0 = Debug|Any CPU
		{3E20360B-BBB9-4A75-9BE6-AC8AB8F73C23}.Release|Any CPU.ActiveCfg = Release|Any CPU
		{3E20360B-BBB9-4A75-9BE6-AC8AB8F73C23}.Release|Any CPU.Build.0 = Release|Any CPU
	EndGlobalSection
	GlobalSection(SolutionProperties) = preSolution
		HideSolutionNode = FALSE
	EndGlobalSection
	GlobalSection(ExtensibilityGlobals) = postSolution
		SolutionGuid = {381BE8F1-D376-4664-9019-F51B6ED03893}
	EndGlobalSection
EndGlobal
